
Microsoft Visual Studio Solution File, Format Version 12.00
# Visual Studio Version 17
VisualStudioVersion = 17.12.35323.107
MinimumVisualStudioVersion = 10.0.40219.1
Project("{FAE04EC0-301F-11D3-BF4B-00C04F79EFBC}") = "TeamSync_Kirill", "TeamSync_Kirill\TeamSync_Kirill.csproj", "{65F8855C-E53B-48D2-B256-84B6091CCFD2}"
EndProject
Global
	GlobalSection(SolutionConfigurationPlatforms) = preSolution
		Debug|Any CPU = Debug|Any CPU
		Release|Any CPU = Release|Any CPU
	EndGlobalSection
	GlobalSection(ProjectConfigurationPlatforms) = postSolution
		{65F8855C-E53B-48D2-B256-84B6091CCFD2}.Debug|Any CPU.ActiveCfg = Debug|Any CPU
		{65F8855C-E53B-48D2-B256-84B6091CCFD2}.Debug|Any CPU.Build.0 = Debug|Any CPU
		{65F8855C-E53B-48D2-B256-84B6091CCFD2}.Release|Any CPU.ActiveCfg = Release|Any CPU
		{65F8855C-E53B-48D2-B256-84B6091CCFD2}.Release|Any CPU.Build.0 = Release|Any CPU
	EndGlobalSection
	GlobalSection(SolutionProperties) = preSolution
		HideSolutionNode = FALSE
	EndGlobalSection
	GlobalSection(ExtensibilityGlobals) = postSolution
		SolutionGuid = {32C4A62A-BDBF-4C2D-80C9-4B13A062398C}
	EndGlobalSection
EndGlobal
